
Microsoft Visual Studio Solution File, Format Version 12.00
# Visual Studio Version 16
VisualStudioVersion = 16.0.33801.447
MinimumVisualStudioVersion = 10.0.40219.1
Project("{FAE04EC0-301F-11D3-BF4B-00C04F79EFBC}") = "collections", "collections\collections.csproj", "{168539D2-9E08-4AED-AA4B-994AF7A00642}"
EndProject
Global
	GlobalSection(SolutionConfigurationPlatforms) = preSolution
		Debug|Any CPU = Debug|Any CPU
		Release|Any CPU = Release|Any CPU
	EndGlobalSection
	GlobalSection(ProjectConfigurationPlatforms) = postSolution
		{168539D2-9E08-4AED-AA4B-994AF7A00642}.Debug|Any CPU.ActiveCfg = Debug|Any CPU
		{168539D2-9E08-4AED-AA4B-994AF7A00642}.Debug|Any CPU.Build.0 = Debug|Any CPU
		{168539D2-9E08-4AED-AA4B-994AF7A00642}.Release|Any CPU.ActiveCfg = Release|Any CPU
		{168539D2-9E08-4AED-AA4B-994AF7A00642}.Release|Any CPU.Build.0 = Release|Any CPU
	EndGlobalSection
	GlobalSection(SolutionProperties) = preSolution
		HideSolutionNode = FALSE
	EndGlobalSection
	GlobalSection(ExtensibilityGlobals) = postSolution
		SolutionGuid = {9E979374-02CD-4415-84C2-8E0402F6497B}
	EndGlobalSection
EndGlobal
