
Microsoft Visual Studio Solution File, Format Version 12.00
# Visual Studio Version 16
VisualStudioVersion = 16.0.33801.447
MinimumVisualStudioVersion = 10.0.40219.1
Project("{FAE04EC0-301F-11D3-BF4B-00C04F79EFBC}") = "dictionaries notes", "dictionaries notes\dictionaries notes.csproj", "{C5BDB74E-DC6E-4AE3-A041-59CD5ED96CE6}"
EndProject
Global
	GlobalSection(SolutionConfigurationPlatforms) = preSolution
		Debug|Any CPU = Debug|Any CPU
		Release|Any CPU = Release|Any CPU
	EndGlobalSection
	GlobalSection(ProjectConfigurationPlatforms) = postSolution
		{C5BDB74E-DC6E-4AE3-A041-59CD5ED96CE6}.Debug|Any CPU.ActiveCfg = Debug|Any CPU
		{C5BDB74E-DC6E-4AE3-A041-59CD5ED96CE6}.Debug|Any CPU.Build.0 = Debug|Any CPU
		{C5BDB74E-DC6E-4AE3-A041-59CD5ED96CE6}.Release|Any CPU.ActiveCfg = Release|Any CPU
		{C5BDB74E-DC6E-4AE3-A041-59CD5ED96CE6}.Release|Any CPU.Build.0 = Release|Any CPU
	EndGlobalSection
	GlobalSection(SolutionProperties) = preSolution
		HideSolutionNode = FALSE
	EndGlobalSection
	GlobalSection(ExtensibilityGlobals) = postSolution
		SolutionGuid = {3EF5C4EB-23F4-4085-948E-E87BF2045099}
	EndGlobalSection
EndGlobal
