
Microsoft Visual Studio Solution File, Format Version 12.00
# Visual Studio Version 16
VisualStudioVersion = 16.0.33801.447
MinimumVisualStudioVersion = 10.0.40219.1
Project("{FAE04EC0-301F-11D3-BF4B-00C04F79EFBC}") = "Enum", "Enum\Enum.csproj", "{2916E6B3-EB68-4162-876F-5A116CD24AD4}"
EndProject
Global
	GlobalSection(SolutionConfigurationPlatforms) = preSolution
		Debug|Any CPU = Debug|Any CPU
		Release|Any CPU = Release|Any CPU
	EndGlobalSection
	GlobalSection(ProjectConfigurationPlatforms) = postSolution
		{2916E6B3-EB68-4162-876F-5A116CD24AD4}.Debug|Any CPU.ActiveCfg = Debug|Any CPU
		{2916E6B3-EB68-4162-876F-5A116CD24AD4}.Debug|Any CPU.Build.0 = Debug|Any CPU
		{2916E6B3-EB68-4162-876F-5A116CD24AD4}.Release|Any CPU.ActiveCfg = Release|Any CPU
		{2916E6B3-EB68-4162-876F-5A116CD24AD4}.Release|Any CPU.Build.0 = Release|Any CPU
	EndGlobalSection
	GlobalSection(SolutionProperties) = preSolution
		HideSolutionNode = FALSE
	EndGlobalSection
	GlobalSection(ExtensibilityGlobals) = postSolution
		SolutionGuid = {F483641D-4579-40A7-8F2F-7DF3CEA68EBB}
	EndGlobalSection
EndGlobal
