
Microsoft Visual Studio Solution File, Format Version 12.00
# Visual Studio Version 16
VisualStudioVersion = 16.0.33801.447
MinimumVisualStudioVersion = 10.0.40219.1
Project("{FAE04EC0-301F-11D3-BF4B-00C04F79EFBC}") = "Static Class", "Static Class\Static Class.csproj", "{77A9A3AA-77A0-4F35-8285-2F09BF4A77A5}"
EndProject
Global
	GlobalSection(SolutionConfigurationPlatforms) = preSolution
		Debug|Any CPU = Debug|Any CPU
		Release|Any CPU = Release|Any CPU
	EndGlobalSection
	GlobalSection(ProjectConfigurationPlatforms) = postSolution
		{77A9A3AA-77A0-4F35-8285-2F09BF4A77A5}.Debug|Any CPU.ActiveCfg = Debug|Any CPU
		{77A9A3AA-77A0-4F35-8285-2F09BF4A77A5}.Debug|Any CPU.Build.0 = Debug|Any CPU
		{77A9A3AA-77A0-4F35-8285-2F09BF4A77A5}.Release|Any CPU.ActiveCfg = Release|Any CPU
		{77A9A3AA-77A0-4F35-8285-2F09BF4A77A5}.Release|Any CPU.Build.0 = Release|Any CPU
	EndGlobalSection
	GlobalSection(SolutionProperties) = preSolution
		HideSolutionNode = FALSE
	EndGlobalSection
	GlobalSection(ExtensibilityGlobals) = postSolution
		SolutionGuid = {1EF17310-C0C3-404E-ADAD-D37755DE6D86}
	EndGlobalSection
EndGlobal
