
Microsoft Visual Studio Solution File, Format Version 12.00
# Visual Studio Version 16
VisualStudioVersion = 16.0.33801.447
MinimumVisualStudioVersion = 10.0.40219.1
Project("{FAE04EC0-301F-11D3-BF4B-00C04F79EFBC}") = "datetime and math methods", "datetime and math methods\datetime and math methods.csproj", "{4E6B6E9B-0C9F-42D9-9DC7-5D9E7D4C6DBF}"
EndProject
Global
	GlobalSection(SolutionConfigurationPlatforms) = preSolution
		Debug|Any CPU = Debug|Any CPU
		Release|Any CPU = Release|Any CPU
	EndGlobalSection
	GlobalSection(ProjectConfigurationPlatforms) = postSolution
		{4E6B6E9B-0C9F-42D9-9DC7-5D9E7D4C6DBF}.Debug|Any CPU.ActiveCfg = Debug|Any CPU
		{4E6B6E9B-0C9F-42D9-9DC7-5D9E7D4C6DBF}.Debug|Any CPU.Build.0 = Debug|Any CPU
		{4E6B6E9B-0C9F-42D9-9DC7-5D9E7D4C6DBF}.Release|Any CPU.ActiveCfg = Release|Any CPU
		{4E6B6E9B-0C9F-42D9-9DC7-5D9E7D4C6DBF}.Release|Any CPU.Build.0 = Release|Any CPU
	EndGlobalSection
	GlobalSection(SolutionProperties) = preSolution
		HideSolutionNode = FALSE
	EndGlobalSection
	GlobalSection(ExtensibilityGlobals) = postSolution
		SolutionGuid = {F176476A-540B-4328-B0A2-C52390653792}
	EndGlobalSection
EndGlobal
